
Microsoft Visual Studio Solution File, Format Version 12.00
# Visual Studio Version 17
VisualStudioVersion = 17.4.33213.308
MinimumVisualStudioVersion = 10.0.40219.1
Project("{9A19103F-16F7-4668-BE54-9A1E7A4F7556}") = "QuicServerExample", "QuickServerExample\QuicServerExample.csproj", "{024ED2CD-C6A9-45FA-BAF0-4E7A40481676}"
EndProject
Project("{9A19103F-16F7-4668-BE54-9A1E7A4F7556}") = "QuickClientExample", "QuickClientExample\QuickClientExample.csproj", "{82EF3D77-1BBD-4C19-87D8-2805245B55A1}"
EndProject
Global
	GlobalSection(SolutionConfigurationPlatforms) = preSolution
		Debug|Any CPU = Debug|Any CPU
		Release|Any CPU = Release|Any CPU
	EndGlobalSection
	GlobalSection(ProjectConfigurationPlatforms) = postSolution
		{024ED2CD-C6A9-45FA-BAF0-4E7A40481676}.Debug|Any CPU.ActiveCfg = Debug|Any CPU
		{024ED2CD-C6A9-45FA-BAF0-4E7A40481676}.Debug|Any CPU.Build.0 = Debug|Any CPU
		{024ED2CD-C6A9-45FA-BAF0-4E7A40481676}.Release|Any CPU.ActiveCfg = Release|Any CPU
		{024ED2CD-C6A9-45FA-BAF0-4E7A40481676}.Release|Any CPU.Build.0 = Release|Any CPU
		{82EF3D77-1BBD-4C19-87D8-2805245B55A1}.Debug|Any CPU.ActiveCfg = Debug|Any CPU
		{82EF3D77-1BBD-4C19-87D8-2805245B55A1}.Debug|Any CPU.Build.0 = Debug|Any CPU
		{82EF3D77-1BBD-4C19-87D8-2805245B55A1}.Release|Any CPU.ActiveCfg = Release|Any CPU
		{82EF3D77-1BBD-4C19-87D8-2805245B55A1}.Release|Any CPU.Build.0 = Release|Any CPU
	EndGlobalSection
	GlobalSection(SolutionProperties) = preSolution
		HideSolutionNode = FALSE
	EndGlobalSection
	GlobalSection(ExtensibilityGlobals) = postSolution
		SolutionGuid = {8E007DCE-64F9-4171-8A2C-25499BBA35EB}
	EndGlobalSection
EndGlobal
